<?xml version="1.0" encoding="utf-8"?>
<Project ToolsVersion="4.0" xmlns="http://schemas.microsoft.com/developer/msbuild/2003">
  <ItemGroup>
    <Filter Include="Arquivos de Origem">
      <UniqueIdentifier>{4FC737F1-C7A5-4376-A066-2A32D752A2FF}</UniqueIdentifier>
      <Extensions>cpp;c;cc;cxx;c++;cppm;ixx;def;odl;idl;hpj;bat;asm;asmx</Extensions>
    </Filter>
    <Filter Include="Arquivos de Cabeçalho">
      <UniqueIdentifier>{93995380-89BD-4b04-88EB-625FBE52EBFB}</UniqueIdentifier>
      <Extensions>h;hh;hpp;hxx;h++;hm;inl;inc;ipp;xsd</Extensions>
    </Filter>
    <Filter Include="Arquivos de Recurso">
      <UniqueIdentifier>{67DA6AB6-F800-4c08-8B7A-83BB121AAD01}</UniqueIdentifier>
      <Extensions>rc;ico;cur;bmp;dlg;rc2;rct;bin;rgs;gif;jpg;jpeg;jpe;resx;tiff;tif;png;wav;mfcribbon-ms</Extensions>
    </Filter>
  </ItemGroup>
  <ItemGroup>
    <None Include="SDL2.dll" />
    <None Include="SDL2_image.dll" />
    <None Include="SDL2_mixer.dll" />
  </ItemGroup>
  <ItemGroup>
    <ClCompile Include="src\main.cpp">
      <Filter>Arquivos de Origem</Filter>
    </ClCompile>
    <ClCompile Include="src\Application.cpp">
      <Filter>Arquivos de Origem</Filter>
    </ClCompile>
    <ClCompile Include="src\InputManager.cpp">
      <Filter>Arquivos de Origem</Filter>
    </ClCompile>
    <ClCompile Include="src\Map.cpp">
      <Filter>Arquivos de Origem</Filter>
    </ClCompile>
    <ClCompile Include="src\Player.cpp">
      <Filter>Arquivos de Origem</Filter>
    </ClCompile>
    <ClCompile Include="src\RayCasting.cpp">
      <Filter>Arquivos de Origem</Filter>
    </ClCompile>
    <ClCompile Include="src\ObjectRenderer.cpp">
      <Filter>Arquivos de Origem</Filter>
    </ClCompile>
    <ClCompile Include="src\Sprite.cpp">
      <Filter>Arquivos de Origem</Filter>
    </ClCompile>
    <ClCompile Include="src\ObjectHandler.cpp">
      <Filter>Arquivos de Origem</Filter>
    </ClCompile>
    <ClCompile Include="src\PlayerWeapon.cpp">
      <Filter>Arquivos de Origem</Filter>
    </ClCompile>
    <ClCompile Include="src\Enemy.cpp">
      <Filter>Arquivos de Origem</Filter>
    </ClCompile>
  </ItemGroup>
  <ItemGroup>
    <ClInclude Include="src\Application.h">
      <Filter>Arquivos de Cabeçalho</Filter>
    </ClInclude>
    <ClInclude Include="src\InputManager.h">
      <Filter>Arquivos de Cabeçalho</Filter>
    </ClInclude>
    <ClInclude Include="src\Map.h">
      <Filter>Arquivos de Cabeçalho</Filter>
    </ClInclude>
    <ClInclude Include="src\Player.h">
      <Filter>Arquivos de Cabeçalho</Filter>
    </ClInclude>
    <ClInclude Include="src\RayCasting.h">
      <Filter>Arquivos de Cabeçalho</Filter>
    </ClInclude>
    <ClInclude Include="src\ObjectRenderer.h">
      <Filter>Arquivos de Cabeçalho</Filter>
    </ClInclude>
    <ClInclude Include="src\Sprite.h">
      <Filter>Arquivos de Cabeçalho</Filter>
    </ClInclude>
    <ClInclude Include="src\ObjectHandler.h">
      <Filter>Arquivos de Cabeçalho</Filter>
    </ClInclude>
    <ClInclude Include="src\PlayerWeapon.h">
      <Filter>Arquivos de Cabeçalho</Filter>
    </ClInclude>
    <ClInclude Include="src\Enemy.h">
      <Filter>Arquivos de Cabeçalho</Filter>
    </ClInclude>
    <ClInclude Include="src\Settings.h">
      <Filter>Arquivos de Cabeçalho</Filter>
    </ClInclude>
  </ItemGroup>
  <ItemGroup>
    <Image Include="assets\textures\sky.png">
      <Filter>Arquivos de Recurso</Filter>
    </Image>
    <Image Include="assets\textures\1.png">
      <Filter>Arquivos de Recurso</Filter>
    </Image>
    <Image Include="assets\textures\2.png">
      <Filter>Arquivos de Recurso</Filter>
    </Image>
    <Image Include="assets\textures\3.png">
      <Filter>Arquivos de Recurso</Filter>
    </Image>
    <Image Include="assets\textures\4.png">
      <Filter>Arquivos de Recurso</Filter>
    </Image>
    <Image Include="assets\textures\5.png">
      <Filter>Arquivos de Recurso</Filter>
    </Image>
    <Image Include="assets\sprites\static\candlebra.png">
      <Filter>Arquivos de Recurso</Filter>
    </Image>
    <Image Include="assets\sprites\animated\green\0.png">
      <Filter>Arquivos de Recurso</Filter>
    </Image>
    <Image Include="assets\sprites\animated\green\1.png">
      <Filter>Arquivos de Recurso</Filter>
    </Image>
    <Image Include="assets\sprites\animated\green\2.png">
      <Filter>Arquivos de Recurso</Filter>
    </Image>
    <Image Include="assets\sprites\animated\green\3.png">
      <Filter>Arquivos de Recurso</Filter>
    </Image>
    <Image Include="assets\sprites\animated\weapons\shotgun\0.png">
      <Filter>Arquivos de Recurso</Filter>
    </Image>
    <Image Include="assets\sprites\animated\weapons\shotgun\1.png">
      <Filter>Arquivos de Recurso</Filter>
    </Image>
    <Image Include="assets\sprites\animated\weapons\shotgun\2.png">
      <Filter>Arquivos de Recurso</Filter>
    </Image>
    <Image Include="assets\sprites\animated\weapons\shotgun\3.png">
      <Filter>Arquivos de Recurso</Filter>
    </Image>
    <Image Include="assets\sprites\animated\weapons\shotgun\4.png">
      <Filter>Arquivos de Recurso</Filter>
    </Image>
    <Image Include="assets\sprites\animated\weapons\shotgun\5.png">
      <Filter>Arquivos de Recurso</Filter>
    </Image>
    <Image Include="assets\sprites\enemies\soldier\0.png">
      <Filter>Arquivos de Recurso</Filter>
    </Image>
    <Image Include="assets\sprites\enemies\soldier\attack\0.png">
      <Filter>Arquivos de Recurso</Filter>
    </Image>
    <Image Include="assets\sprites\enemies\soldier\attack\1.png">
      <Filter>Arquivos de Recurso</Filter>
    </Image>
    <Image Include="assets\sprites\enemies\soldier\death\POSSM0.png">
      <Filter>Arquivos de Recurso</Filter>
    </Image>
    <Image Include="assets\sprites\enemies\soldier\death\POSSN0.png">
      <Filter>Arquivos de Recurso</Filter>
    </Image>
    <Image Include="assets\sprites\enemies\soldier\death\POSSO0.png">
      <Filter>Arquivos de Recurso</Filter>
    </Image>
    <Image Include="assets\sprites\enemies\soldier\death\POSSP0.png">
      <Filter>Arquivos de Recurso</Filter>
    </Image>
    <Image Include="assets\sprites\enemies\soldier\death\POSSQ0.png">
      <Filter>Arquivos de Recurso</Filter>
    </Image>
    <Image Include="assets\sprites\enemies\soldier\death\POSSR0.png">
      <Filter>Arquivos de Recurso</Filter>
    </Image>
    <Image Include="assets\sprites\enemies\soldier\death\POSSS0.png">
      <Filter>Arquivos de Recurso</Filter>
    </Image>
    <Image Include="assets\sprites\enemies\soldier\death\POSST0.png">
      <Filter>Arquivos de Recurso</Filter>
    </Image>
    <Image Include="assets\sprites\enemies\soldier\death\POSSU0.png">
      <Filter>Arquivos de Recurso</Filter>
    </Image>
    <Image Include="assets\sprites\enemies\soldier\idle\0.png">
      <Filter>Arquivos de Recurso</Filter>
    </Image>
    <Image Include="assets\sprites\enemies\soldier\idle\1.png">
      <Filter>Arquivos de Recurso</Filter>
    </Image>
    <Image Include="assets\sprites\enemies\soldier\idle\2.png">
      <Filter>Arquivos de Recurso</Filter>
    </Image>
    <Image Include="assets\sprites\enemies\soldier\idle\3.png">
      <Filter>Arquivos de Recurso</Filter>
    </Image>
    <Image Include="assets\sprites\enemies\soldier\idle\4.png">
      <Filter>Arquivos de Recurso</Filter>
    </Image>
    <Image Include="assets\sprites\enemies\soldier\idle\5.png">
      <Filter>Arquivos de Recurso</Filter>
    </Image>
    <Image Include="assets\sprites\enemies\soldier\idle\6.png">
      <Filter>Arquivos de Recurso</Filter>
    </Image>
    <Image Include="assets\sprites\enemies\soldier\idle\7.png">
      <Filter>Arquivos de Recurso</Filter>
    </Image>
    <Image Include="assets\sprites\enemies\soldier\pain\0.png">
      <Filter>Arquivos de Recurso</Filter>
    </Image>
    <Image Include="assets\sprites\enemies\soldier\walk\0.png">
      <Filter>Arquivos de Recurso</Filter>
    </Image>
    <Image Include="assets\sprites\enemies\soldier\walk\1.png">
      <Filter>Arquivos de Recurso</Filter>
    </Image>
    <Image Include="assets\sprites\enemies\soldier\walk\2.png">
      <Filter>Arquivos de Recurso</Filter>
    </Image>
    <Image Include="assets\sprites\enemies\soldier\walk\3.png">
      <Filter>Arquivos de Recurso</Filter>
    </Image>
    <Image Include="assets\textures\blood_screen.png">
      <Filter>Arquivos de Recurso</Filter>
    </Image>
    <Image Include="assets\textures\game_over.png">
      <Filter>Arquivos de Recurso</Filter>
    </Image>
    <Image Include="assets\textures\win.png">
      <Filter>Arquivos de Recurso</Filter>
    </Image>
    <Image Include="assets\digits\0.png">
      <Filter>Arquivos de Recurso</Filter>
    </Image>
    <Image Include="assets\digits\1.png">
      <Filter>Arquivos de Recurso</Filter>
    </Image>
    <Image Include="assets\digits\2.png">
      <Filter>Arquivos de Recurso</Filter>
    </Image>
    <Image Include="assets\digits\3.png">
      <Filter>Arquivos de Recurso</Filter>
    </Image>
    <Image Include="assets\digits\4.png">
      <Filter>Arquivos de Recurso</Filter>
    </Image>
    <Image Include="assets\digits\5.png">
      <Filter>Arquivos de Recurso</Filter>
    </Image>
    <Image Include="assets\digits\6.png">
      <Filter>Arquivos de Recurso</Filter>
    </Image>
    <Image Include="assets\digits\7.png">
      <Filter>Arquivos de Recurso</Filter>
    </Image>
    <Image Include="assets\digits\8.png">
      <Filter>Arquivos de Recurso</Filter>
    </Image>
    <Image Include="assets\digits\9.png">
      <Filter>Arquivos de Recurso</Filter>
    </Image>
    <Image Include="assets\digits\10.png">
      <Filter>Arquivos de Recurso</Filter>
    </Image>
    <Image Include="assets\sprites\enemies\caco_demon\0.png">
      <Filter>Arquivos de Recurso</Filter>
    </Image>
    <Image Include="assets\sprites\enemies\caco_demon\walk\0.png">
      <Filter>Arquivos de Recurso</Filter>
    </Image>
    <Image Include="assets\sprites\enemies\caco_demon\walk\1.png">
      <Filter>Arquivos de Recurso</Filter>
    </Image>
    <Image Include="assets\sprites\enemies\caco_demon\walk\2.png">
      <Filter>Arquivos de Recurso</Filter>
    </Image>
    <Image Include="assets\sprites\enemies\caco_demon\pain\0.png">
      <Filter>Arquivos de Recurso</Filter>
    </Image>
    <Image Include="assets\sprites\enemies\caco_demon\pain\1.png">
      <Filter>Arquivos de Recurso</Filter>
    </Image>
    <Image Include="assets\sprites\enemies\caco_demon\idle\0.png">
      <Filter>Arquivos de Recurso</Filter>
    </Image>
    <Image Include="assets\sprites\enemies\caco_demon\idle\1.png">
      <Filter>Arquivos de Recurso</Filter>
    </Image>
    <Image Include="assets\sprites\enemies\caco_demon\idle\2.png">
      <Filter>Arquivos de Recurso</Filter>
    </Image>
    <Image Include="assets\sprites\enemies\caco_demon\idle\3.png">
      <Filter>Arquivos de Recurso</Filter>
    </Image>
    <Image Include="assets\sprites\enemies\caco_demon\idle\4.png">
      <Filter>Arquivos de Recurso</Filter>
    </Image>
    <Image Include="assets\sprites\enemies\caco_demon\idle\5.png">
      <Filter>Arquivos de Recurso</Filter>
    </Image>
    <Image Include="assets\sprites\enemies\caco_demon\idle\6.png">
      <Filter>Arquivos de Recurso</Filter>
    </Image>
    <Image Include="assets\sprites\enemies\caco_demon\idle\7.png">
      <Filter>Arquivos de Recurso</Filter>
    </Image>
    <Image Include="assets\sprites\enemies\caco_demon\death\0.png">
      <Filter>Arquivos de Recurso</Filter>
    </Image>
    <Image Include="assets\sprites\enemies\caco_demon\death\1.png">
      <Filter>Arquivos de Recurso</Filter>
    </Image>
    <Image Include="assets\sprites\enemies\caco_demon\death\2.png">
      <Filter>Arquivos de Recurso</Filter>
    </Image>
    <Image Include="assets\sprites\enemies\caco_demon\death\3.png">
      <Filter>Arquivos de Recurso</Filter>
    </Image>
    <Image Include="assets\sprites\enemies\caco_demon\death\4.png">
      <Filter>Arquivos de Recurso</Filter>
    </Image>
    <Image Include="assets\sprites\enemies\caco_demon\death\5.png">
      <Filter>Arquivos de Recurso</Filter>
    </Image>
    <Image Include="assets\sprites\enemies\caco_demon\attack\0.png">
      <Filter>Arquivos de Recurso</Filter>
    </Image>
    <Image Include="assets\sprites\enemies\caco_demon\attack\1.png">
      <Filter>Arquivos de Recurso</Filter>
    </Image>
    <Image Include="assets\sprites\enemies\caco_demon\attack\2.png">
      <Filter>Arquivos de Recurso</Filter>
    </Image>
    <Image Include="assets\sprites\enemies\caco_demon\attack\3.png">
      <Filter>Arquivos de Recurso</Filter>
    </Image>
    <Image Include="assets\sprites\enemies\caco_demon\attack\4.png">
      <Filter>Arquivos de Recurso</Filter>
    </Image>
  </ItemGroup>
  <ItemGroup>
    <Media Include="assets\sounds\shotgun.wav">
      <Filter>Arquivos de Recurso</Filter>
    </Media>
    <Media Include="assets\sounds\npc_attack.wav">
      <Filter>Arquivos de Recurso</Filter>
    </Media>
    <Media Include="assets\sounds\npc_death.wav">
      <Filter>Arquivos de Recurso</Filter>
    </Media>
    <Media Include="assets\sounds\npc_pain.wav">
      <Filter>Arquivos de Recurso</Filter>
    </Media>
    <Media Include="assets\sounds\player_pain.wav">
      <Filter>Arquivos de Recurso</Filter>
    </Media>
    <Media Include="assets\sounds\theme.mp3" />
  </ItemGroup>
</Project>